
Microsoft Visual Studio Solution File, Format Version 12.00
# Visual Studio Version 16
VisualStudioVersion = 16.0.30204.135
MinimumVisualStudioVersion = 10.0.40219.1
Project("{F184B08F-C81C-45F6-A57F-5ABD9991F28F}") = "VB2015_in_24Hours_code_samples_001", "VB2015_in_24Hours_code_samples_001.vbproj", "{EB2AE883-C3E8-467B-9C9B-C875BAF208BA}"
EndProject
Global
	GlobalSection(SolutionConfigurationPlatforms) = preSolution
		Debug|Any CPU = Debug|Any CPU
		Release|Any CPU = Release|Any CPU
	EndGlobalSection
	GlobalSection(ProjectConfigurationPlatforms) = postSolution
		{EB2AE883-C3E8-467B-9C9B-C875BAF208BA}.Debug|Any CPU.ActiveCfg = Debug|Any CPU
		{EB2AE883-C3E8-467B-9C9B-C875BAF208BA}.Debug|Any CPU.Build.0 = Debug|Any CPU
		{EB2AE883-C3E8-467B-9C9B-C875BAF208BA}.Release|Any CPU.ActiveCfg = Release|Any CPU
		{EB2AE883-C3E8-467B-9C9B-C875BAF208BA}.Release|Any CPU.Build.0 = Release|Any CPU
	EndGlobalSection
	GlobalSection(SolutionProperties) = preSolution
		HideSolutionNode = FALSE
	EndGlobalSection
	GlobalSection(ExtensibilityGlobals) = postSolution
		SolutionGuid = {06AC4E34-09AC-450E-9871-ED3D3FADD41A}
	EndGlobalSection
EndGlobal
