
Microsoft Visual Studio Solution File, Format Version 12.00
# Visual Studio Version 16
VisualStudioVersion = 16.0.30204.135
MinimumVisualStudioVersion = 10.0.40219.1
Project("{F184B08F-C81C-45F6-A57F-5ABD9991F28F}") = "VB2015_in_24Hours_code_samples_003", "VB2015_in_24Hours_code_samples_003.vbproj", "{C2E29EFE-8B6D-4091-8A6F-D11B274605BC}"
EndProject
Global
	GlobalSection(SolutionConfigurationPlatforms) = preSolution
		Debug|Any CPU = Debug|Any CPU
		Release|Any CPU = Release|Any CPU
	EndGlobalSection
	GlobalSection(ProjectConfigurationPlatforms) = postSolution
		{C2E29EFE-8B6D-4091-8A6F-D11B274605BC}.Debug|Any CPU.ActiveCfg = Debug|Any CPU
		{C2E29EFE-8B6D-4091-8A6F-D11B274605BC}.Debug|Any CPU.Build.0 = Debug|Any CPU
		{C2E29EFE-8B6D-4091-8A6F-D11B274605BC}.Release|Any CPU.ActiveCfg = Release|Any CPU
		{C2E29EFE-8B6D-4091-8A6F-D11B274605BC}.Release|Any CPU.Build.0 = Release|Any CPU
	EndGlobalSection
	GlobalSection(SolutionProperties) = preSolution
		HideSolutionNode = FALSE
	EndGlobalSection
	GlobalSection(ExtensibilityGlobals) = postSolution
		SolutionGuid = {8B12DA52-B41B-494C-86FC-67723A8C471A}
	EndGlobalSection
EndGlobal
